
Microsoft Visual Studio Solution File, Format Version 12.00
# Visual Studio Version 16
VisualStudioVersion = 16.0.30128.74
MinimumVisualStudioVersion = 15.0.26124.0
Project("{2150E333-8FDC-42A3-9474-1A3956D46DE8}") = "_Root", "_Root", "{2AA7C477-4146-4591-825F-B8FAF1BED546}"
	ProjectSection(SolutionItems) = preProject
		.editorconfig = .editorconfig
		.gitignore = .gitignore
		global.json = global.json
	EndProjectSection
EndProject
Project("{9A19103F-16F7-4668-BE54-9A1E7A4F7556}") = "AuthEx.Home", "Home\AuthEx.Home.csproj", "{2C6E063A-C471-4EC4-9FBF-67286FA43A0E}"
EndProject
Project("{9A19103F-16F7-4668-BE54-9A1E7A4F7556}") = "AuthEx.Shared", "Shared\AuthEx.Shared.csproj", "{02985C20-ED9F-4174-B5FC-2FB156A6FCA9}"
EndProject
Project("{2150E333-8FDC-42A3-9474-1A3956D46DE8}") = "Modules", "Modules", "{90738F99-D668-492C-8035-627E3CC25BC9}"
EndProject
Project("{2150E333-8FDC-42A3-9474-1A3956D46DE8}") = "Security", "Security", "{E19DEB3B-5FFB-405C-9FCA-042AD58A4D32}"
EndProject
Project("{9A19103F-16F7-4668-BE54-9A1E7A4F7556}") = "AuthEx.Security", "Modules\Security\Module\AuthEx.Security.csproj", "{C6A7CF07-0338-4ABE-84D5-07760D7299F3}"
EndProject
Project("{FAE04EC0-301F-11D3-BF4B-00C04F79EFBC}") = "Tmp", "Tmp\Tmp.csproj", "{552E0FCA-AEDC-4265-B8B6-205D2620965B}"
EndProject
Project("{2150E333-8FDC-42A3-9474-1A3956D46DE8}") = "Mvc", "Mvc", "{E077617D-CF87-41D6-A763-30C2B1212643}"
EndProject
Project("{FAE04EC0-301F-11D3-BF4B-00C04F79EFBC}") = "AuthEx.Mvc", "Modules\Mvc\Module\AuthEx.Mvc.csproj", "{E10A3124-B0EB-42E7-B07E-57C8C19B9EA7}"
EndProject
Project("{FAE04EC0-301F-11D3-BF4B-00C04F79EFBC}") = "AuthEx.Security.Lib", "Modules\Security\Lib\AuthEx.Security.Lib.csproj", "{E8463C0E-3268-4EDB-A8CA-7D8AF6A3BB45}"
EndProject
Global
	GlobalSection(SolutionConfigurationPlatforms) = preSolution
		Debug|Any CPU = Debug|Any CPU
		Debug|x64 = Debug|x64
		Debug|x86 = Debug|x86
		Release|Any CPU = Release|Any CPU
		Release|x64 = Release|x64
		Release|x86 = Release|x86
	EndGlobalSection
	GlobalSection(ProjectConfigurationPlatforms) = postSolution
		{2C6E063A-C471-4EC4-9FBF-67286FA43A0E}.Debug|Any CPU.ActiveCfg = Debug|Any CPU
		{2C6E063A-C471-4EC4-9FBF-67286FA43A0E}.Debug|Any CPU.Build.0 = Debug|Any CPU
		{2C6E063A-C471-4EC4-9FBF-67286FA43A0E}.Debug|x64.ActiveCfg = Debug|Any CPU
		{2C6E063A-C471-4EC4-9FBF-67286FA43A0E}.Debug|x64.Build.0 = Debug|Any CPU
		{2C6E063A-C471-4EC4-9FBF-67286FA43A0E}.Debug|x86.ActiveCfg = Debug|Any CPU
		{2C6E063A-C471-4EC4-9FBF-67286FA43A0E}.Debug|x86.Build.0 = Debug|Any CPU
		{2C6E063A-C471-4EC4-9FBF-67286FA43A0E}.Release|Any CPU.ActiveCfg = Release|Any CPU
		{2C6E063A-C471-4EC4-9FBF-67286FA43A0E}.Release|Any CPU.Build.0 = Release|Any CPU
		{2C6E063A-C471-4EC4-9FBF-67286FA43A0E}.Release|x64.ActiveCfg = Release|Any CPU
		{2C6E063A-C471-4EC4-9FBF-67286FA43A0E}.Release|x64.Build.0 = Release|Any CPU
		{2C6E063A-C471-4EC4-9FBF-67286FA43A0E}.Release|x86.ActiveCfg = Release|Any CPU
		{2C6E063A-C471-4EC4-9FBF-67286FA43A0E}.Release|x86.Build.0 = Release|Any CPU
		{02985C20-ED9F-4174-B5FC-2FB156A6FCA9}.Debug|Any CPU.ActiveCfg = Debug|Any CPU
		{02985C20-ED9F-4174-B5FC-2FB156A6FCA9}.Debug|Any CPU.Build.0 = Debug|Any CPU
		{02985C20-ED9F-4174-B5FC-2FB156A6FCA9}.Debug|x64.ActiveCfg = Debug|Any CPU
		{02985C20-ED9F-4174-B5FC-2FB156A6FCA9}.Debug|x64.Build.0 = Debug|Any CPU
		{02985C20-ED9F-4174-B5FC-2FB156A6FCA9}.Debug|x86.ActiveCfg = Debug|Any CPU
		{02985C20-ED9F-4174-B5FC-2FB156A6FCA9}.Debug|x86.Build.0 = Debug|Any CPU
		{02985C20-ED9F-4174-B5FC-2FB156A6FCA9}.Release|Any CPU.ActiveCfg = Release|Any CPU
		{02985C20-ED9F-4174-B5FC-2FB156A6FCA9}.Release|Any CPU.Build.0 = Release|Any CPU
		{02985C20-ED9F-4174-B5FC-2FB156A6FCA9}.Release|x64.ActiveCfg = Release|Any CPU
		{02985C20-ED9F-4174-B5FC-2FB156A6FCA9}.Release|x64.Build.0 = Release|Any CPU
		{02985C20-ED9F-4174-B5FC-2FB156A6FCA9}.Release|x86.ActiveCfg = Release|Any CPU
		{02985C20-ED9F-4174-B5FC-2FB156A6FCA9}.Release|x86.Build.0 = Release|Any CPU
		{C6A7CF07-0338-4ABE-84D5-07760D7299F3}.Debug|Any CPU.ActiveCfg = Debug|Any CPU
		{C6A7CF07-0338-4ABE-84D5-07760D7299F3}.Debug|Any CPU.Build.0 = Debug|Any CPU
		{C6A7CF07-0338-4ABE-84D5-07760D7299F3}.Debug|x64.ActiveCfg = Debug|Any CPU
		{C6A7CF07-0338-4ABE-84D5-07760D7299F3}.Debug|x64.Build.0 = Debug|Any CPU
		{C6A7CF07-0338-4ABE-84D5-07760D7299F3}.Debug|x86.ActiveCfg = Debug|Any CPU
		{C6A7CF07-0338-4ABE-84D5-07760D7299F3}.Debug|x86.Build.0 = Debug|Any CPU
		{C6A7CF07-0338-4ABE-84D5-07760D7299F3}.Release|Any CPU.ActiveCfg = Release|Any CPU
		{C6A7CF07-0338-4ABE-84D5-07760D7299F3}.Release|Any CPU.Build.0 = Release|Any CPU
		{C6A7CF07-0338-4ABE-84D5-07760D7299F3}.Release|x64.ActiveCfg = Release|Any CPU
		{C6A7CF07-0338-4ABE-84D5-07760D7299F3}.Release|x64.Build.0 = Release|Any CPU
		{C6A7CF07-0338-4ABE-84D5-07760D7299F3}.Release|x86.ActiveCfg = Release|Any CPU
		{C6A7CF07-0338-4ABE-84D5-07760D7299F3}.Release|x86.Build.0 = Release|Any CPU
		{552E0FCA-AEDC-4265-B8B6-205D2620965B}.Debug|Any CPU.ActiveCfg = Debug|Any CPU
		{552E0FCA-AEDC-4265-B8B6-205D2620965B}.Debug|Any CPU.Build.0 = Debug|Any CPU
		{552E0FCA-AEDC-4265-B8B6-205D2620965B}.Debug|x64.ActiveCfg = Debug|Any CPU
		{552E0FCA-AEDC-4265-B8B6-205D2620965B}.Debug|x64.Build.0 = Debug|Any CPU
		{552E0FCA-AEDC-4265-B8B6-205D2620965B}.Debug|x86.ActiveCfg = Debug|Any CPU
		{552E0FCA-AEDC-4265-B8B6-205D2620965B}.Debug|x86.Build.0 = Debug|Any CPU
		{552E0FCA-AEDC-4265-B8B6-205D2620965B}.Release|Any CPU.ActiveCfg = Release|Any CPU
		{552E0FCA-AEDC-4265-B8B6-205D2620965B}.Release|Any CPU.Build.0 = Release|Any CPU
		{552E0FCA-AEDC-4265-B8B6-205D2620965B}.Release|x64.ActiveCfg = Release|Any CPU
		{552E0FCA-AEDC-4265-B8B6-205D2620965B}.Release|x64.Build.0 = Release|Any CPU
		{552E0FCA-AEDC-4265-B8B6-205D2620965B}.Release|x86.ActiveCfg = Release|Any CPU
		{552E0FCA-AEDC-4265-B8B6-205D2620965B}.Release|x86.Build.0 = Release|Any CPU
		{E10A3124-B0EB-42E7-B07E-57C8C19B9EA7}.Debug|Any CPU.ActiveCfg = Debug|Any CPU
		{E10A3124-B0EB-42E7-B07E-57C8C19B9EA7}.Debug|Any CPU.Build.0 = Debug|Any CPU
		{E10A3124-B0EB-42E7-B07E-57C8C19B9EA7}.Debug|x64.ActiveCfg = Debug|Any CPU
		{E10A3124-B0EB-42E7-B07E-57C8C19B9EA7}.Debug|x64.Build.0 = Debug|Any CPU
		{E10A3124-B0EB-42E7-B07E-57C8C19B9EA7}.Debug|x86.ActiveCfg = Debug|Any CPU
		{E10A3124-B0EB-42E7-B07E-57C8C19B9EA7}.Debug|x86.Build.0 = Debug|Any CPU
		{E10A3124-B0EB-42E7-B07E-57C8C19B9EA7}.Release|Any CPU.ActiveCfg = Release|Any CPU
		{E10A3124-B0EB-42E7-B07E-57C8C19B9EA7}.Release|Any CPU.Build.0 = Release|Any CPU
		{E10A3124-B0EB-42E7-B07E-57C8C19B9EA7}.Release|x64.ActiveCfg = Release|Any CPU
		{E10A3124-B0EB-42E7-B07E-57C8C19B9EA7}.Release|x64.Build.0 = Release|Any CPU
		{E10A3124-B0EB-42E7-B07E-57C8C19B9EA7}.Release|x86.ActiveCfg = Release|Any CPU
		{E10A3124-B0EB-42E7-B07E-57C8C19B9EA7}.Release|x86.Build.0 = Release|Any CPU
		{E8463C0E-3268-4EDB-A8CA-7D8AF6A3BB45}.Debug|Any CPU.ActiveCfg = Debug|Any CPU
		{E8463C0E-3268-4EDB-A8CA-7D8AF6A3BB45}.Debug|Any CPU.Build.0 = Debug|Any CPU
		{E8463C0E-3268-4EDB-A8CA-7D8AF6A3BB45}.Debug|x64.ActiveCfg = Debug|Any CPU
		{E8463C0E-3268-4EDB-A8CA-7D8AF6A3BB45}.Debug|x64.Build.0 = Debug|Any CPU
		{E8463C0E-3268-4EDB-A8CA-7D8AF6A3BB45}.Debug|x86.ActiveCfg = Debug|Any CPU
		{E8463C0E-3268-4EDB-A8CA-7D8AF6A3BB45}.Debug|x86.Build.0 = Debug|Any CPU
		{E8463C0E-3268-4EDB-A8CA-7D8AF6A3BB45}.Release|Any CPU.ActiveCfg = Release|Any CPU
		{E8463C0E-3268-4EDB-A8CA-7D8AF6A3BB45}.Release|Any CPU.Build.0 = Release|Any CPU
		{E8463C0E-3268-4EDB-A8CA-7D8AF6A3BB45}.Release|x64.ActiveCfg = Release|Any CPU
		{E8463C0E-3268-4EDB-A8CA-7D8AF6A3BB45}.Release|x64.Build.0 = Release|Any CPU
		{E8463C0E-3268-4EDB-A8CA-7D8AF6A3BB45}.Release|x86.ActiveCfg = Release|Any CPU
		{E8463C0E-3268-4EDB-A8CA-7D8AF6A3BB45}.Release|x86.Build.0 = Release|Any CPU
	EndGlobalSection
	GlobalSection(SolutionProperties) = preSolution
		HideSolutionNode = FALSE
	EndGlobalSection
	GlobalSection(NestedProjects) = preSolution
		{E19DEB3B-5FFB-405C-9FCA-042AD58A4D32} = {90738F99-D668-492C-8035-627E3CC25BC9}
		{C6A7CF07-0338-4ABE-84D5-07760D7299F3} = {E19DEB3B-5FFB-405C-9FCA-042AD58A4D32}
		{E077617D-CF87-41D6-A763-30C2B1212643} = {90738F99-D668-492C-8035-627E3CC25BC9}
		{E10A3124-B0EB-42E7-B07E-57C8C19B9EA7} = {E077617D-CF87-41D6-A763-30C2B1212643}
		{E8463C0E-3268-4EDB-A8CA-7D8AF6A3BB45} = {E19DEB3B-5FFB-405C-9FCA-042AD58A4D32}
	EndGlobalSection
	GlobalSection(ExtensibilityGlobals) = postSolution
		SolutionGuid = {2D2FE997-03A1-40DE-9E76-8CCBBAF60C82}
	EndGlobalSection
EndGlobal
